// !$*UTF8*$!
{
	archiveVersion = 1;
	classes = {
	};
	objectVersion = 55;
	objects = {

/* Begin PBXBuildFile section */
		29194AE328538E9E00ED8D68 /* ClusterPlacemark.swift in Sources */ = {isa = PBXBuildFile; fileRef = 29194AE228538E9E00ED8D68 /* ClusterPlacemark.swift */; };
		292E6A9F2852852B00248068 /* YandexMapKit-Info.plist in Resources */ = {isa = PBXBuildFile; fileRef = 292E6A9E2852852B00248068 /* YandexMapKit-Info.plist */; };
		292EE22A2848AD7F00CB27C9 /* UIView+Rotation.swift in Sources */ = {isa = PBXBuildFile; fileRef = 292EE2292848AD7F00CB27C9 /* UIView+Rotation.swift */; };
		29447908284FA03C00EC55E0 /* PhotoView.swift in Sources */ = {isa = PBXBuildFile; fileRef = 29447907284FA03C00EC55E0 /* PhotoView.swift */; };
		2944790B284FA06700EC55E0 /* PhotoViewModel.swift in Sources */ = {isa = PBXBuildFile; fileRef = 2944790A284FA06700EC55E0 /* PhotoViewModel.swift */; };
		2944790D284FAA9D00EC55E0 /* GiveForPage.swift in Sources */ = {isa = PBXBuildFile; fileRef = 2944790C284FAA9D00EC55E0 /* GiveForPage.swift */; };
		2944790F284FCCE700EC55E0 /* Photo.swift in Sources */ = {isa = PBXBuildFile; fileRef = 2944790E284FCCE700EC55E0 /* Photo.swift */; };
		297564BD2825068F006840E7 /* AppDelegate.swift in Sources */ = {isa = PBXBuildFile; fileRef = 297564BC2825068F006840E7 /* AppDelegate.swift */; };
		297564BF2825068F006840E7 /* SceneDelegate.swift in Sources */ = {isa = PBXBuildFile; fileRef = 297564BE2825068F006840E7 /* SceneDelegate.swift */; };
		297564C12825068F006840E7 /* MainViewController.swift in Sources */ = {isa = PBXBuildFile; fileRef = 297564C02825068F006840E7 /* MainViewController.swift */; };
		297564C628250691006840E7 /* Assets.xcassets in Resources */ = {isa = PBXBuildFile; fileRef = 297564C528250691006840E7 /* Assets.xcassets */; };
		297564C928250691006840E7 /* LaunchScreen.storyboard in Resources */ = {isa = PBXBuildFile; fileRef = 297564C728250691006840E7 /* LaunchScreen.storyboard */; };
		297564D128250801006840E7 /* NetworkService.swift in Sources */ = {isa = PBXBuildFile; fileRef = 297564D028250801006840E7 /* NetworkService.swift */; };
		297564D3282BE51A006840E7 /* NearestPhotos.swift in Sources */ = {isa = PBXBuildFile; fileRef = 297564D2282BE51A006840E7 /* NearestPhotos.swift */; };
		297564D7282C01B4006840E7 /* Pin.swift in Sources */ = {isa = PBXBuildFile; fileRef = 297564D6282C01B4006840E7 /* Pin.swift */; };
		297564DB282D01DC006840E7 /* PastVuAPI.swift in Sources */ = {isa = PBXBuildFile; fileRef = 297564DA282D01DC006840E7 /* PastVuAPI.swift */; };
		2999D5D6283638DA00195246 /* ByBounds.swift in Sources */ = {isa = PBXBuildFile; fileRef = 2999D5D5283638DA00195246 /* ByBounds.swift */; };
		2999D5D928363F9200195246 /* Polygon.swift in Sources */ = {isa = PBXBuildFile; fileRef = 2999D5D828363F9200195246 /* Polygon.swift */; };
		2999D5DB2836479600195246 /* BoundingBox.swift in Sources */ = {isa = PBXBuildFile; fileRef = 2999D5DA2836479600195246 /* BoundingBox.swift */; };
		29AAAE0D2833FD23003DDD71 /* LocationManager.swift in Sources */ = {isa = PBXBuildFile; fileRef = 29AAAE0C2833FD23003DDD71 /* LocationManager.swift */; };
		29AAAE0F2834F507003DDD71 /* PinView.swift in Sources */ = {isa = PBXBuildFile; fileRef = 29AAAE0E2834F507003DDD71 /* PinView.swift */; };
		29AAAE122834FAA2003DDD71 /* Direction.swift in Sources */ = {isa = PBXBuildFile; fileRef = 29AAAE112834FAA2003DDD71 /* Direction.swift */; };
		29AAAE14283511E4003DDD71 /* Cluster.swift in Sources */ = {isa = PBXBuildFile; fileRef = 29AAAE13283511E4003DDD71 /* Cluster.swift */; };
		29BB54422844950500AEFB78 /* MapViewModel.swift in Sources */ = {isa = PBXBuildFile; fileRef = 29BB54412844950500AEFB78 /* MapViewModel.swift */; };
		29BB54442844A4CB00AEFB78 /* MapSettings.swift in Sources */ = {isa = PBXBuildFile; fileRef = 29BB54432844A4CB00AEFB78 /* MapSettings.swift */; };
		29BB54462844AB5200AEFB78 /* Coordinate.swift in Sources */ = {isa = PBXBuildFile; fileRef = 29BB54452844AB5200AEFB78 /* Coordinate.swift */; };
		29BB54482844D63600AEFB78 /* MainViewModel.swift in Sources */ = {isa = PBXBuildFile; fileRef = 29BB54472844D63600AEFB78 /* MainViewModel.swift */; };
		29BB544E28474D1900AEFB78 /* PinViewModel.swift in Sources */ = {isa = PBXBuildFile; fileRef = 29BB544D28474D1900AEFB78 /* PinViewModel.swift */; };
		29C7EA02283266F400FA3E30 /* MapView.swift in Sources */ = {isa = PBXBuildFile; fileRef = 29C7EA01283266F400FA3E30 /* MapView.swift */; };
		29C7EA042832677700FA3E30 /* YandexMapView.swift in Sources */ = {isa = PBXBuildFile; fileRef = 29C7EA032832677700FA3E30 /* YandexMapView.swift */; };
		29E794492842462200907A53 /* UserDefaultsManager.swift in Sources */ = {isa = PBXBuildFile; fileRef = 29E794482842462200907A53 /* UserDefaultsManager.swift */; };
		3C2304C4107D8133053E0740 /* Pods_PastVu.framework in Frameworks */ = {isa = PBXBuildFile; fileRef = F2144BB56CA3A6FA1AE8B025 /* Pods_PastVu.framework */; };
/* End PBXBuildFile section */

/* Begin PBXFileReference section */
		0D69E59CAA63A98C346131E7 /* Pods-PastVu.release.xcconfig */ = {isa = PBXFileReference; includeInIndex = 1; lastKnownFileType = text.xcconfig; name = "Pods-PastVu.release.xcconfig"; path = "Target Support Files/Pods-PastVu/Pods-PastVu.release.xcconfig"; sourceTree = "<group>"; };
		29194AE228538E9E00ED8D68 /* ClusterPlacemark.swift */ = {isa = PBXFileReference; lastKnownFileType = sourcecode.swift; path = ClusterPlacemark.swift; sourceTree = "<group>"; };
		292E6A9E2852852B00248068 /* YandexMapKit-Info.plist */ = {isa = PBXFileReference; fileEncoding = 4; lastKnownFileType = text.plist.xml; path = "YandexMapKit-Info.plist"; sourceTree = "<group>"; };
		292EE2292848AD7F00CB27C9 /* UIView+Rotation.swift */ = {isa = PBXFileReference; lastKnownFileType = sourcecode.swift; path = "UIView+Rotation.swift"; sourceTree = "<group>"; };
		29447907284FA03C00EC55E0 /* PhotoView.swift */ = {isa = PBXFileReference; lastKnownFileType = sourcecode.swift; path = PhotoView.swift; sourceTree = "<group>"; };
		2944790A284FA06700EC55E0 /* PhotoViewModel.swift */ = {isa = PBXFileReference; lastKnownFileType = sourcecode.swift; path = PhotoViewModel.swift; sourceTree = "<group>"; };
		2944790C284FAA9D00EC55E0 /* GiveForPage.swift */ = {isa = PBXFileReference; lastKnownFileType = sourcecode.swift; path = GiveForPage.swift; sourceTree = "<group>"; };
		2944790E284FCCE700EC55E0 /* Photo.swift */ = {isa = PBXFileReference; lastKnownFileType = sourcecode.swift; path = Photo.swift; sourceTree = "<group>"; };
		297564B92825068F006840E7 /* PastVu.app */ = {isa = PBXFileReference; explicitFileType = wrapper.application; includeInIndex = 0; path = PastVu.app; sourceTree = BUILT_PRODUCTS_DIR; };
		297564BC2825068F006840E7 /* AppDelegate.swift */ = {isa = PBXFileReference; lastKnownFileType = sourcecode.swift; path = AppDelegate.swift; sourceTree = "<group>"; };
		297564BE2825068F006840E7 /* SceneDelegate.swift */ = {isa = PBXFileReference; lastKnownFileType = sourcecode.swift; path = SceneDelegate.swift; sourceTree = "<group>"; };
		297564C02825068F006840E7 /* MainViewController.swift */ = {isa = PBXFileReference; lastKnownFileType = sourcecode.swift; path = MainViewController.swift; sourceTree = "<group>"; };
		297564C528250691006840E7 /* Assets.xcassets */ = {isa = PBXFileReference; lastKnownFileType = folder.assetcatalog; path = Assets.xcassets; sourceTree = "<group>"; };
		297564C828250691006840E7 /* Base */ = {isa = PBXFileReference; lastKnownFileType = file.storyboard; name = Base; path = Base.lproj/LaunchScreen.storyboard; sourceTree = "<group>"; };
		297564CA28250691006840E7 /* Info.plist */ = {isa = PBXFileReference; lastKnownFileType = text.plist.xml; path = Info.plist; sourceTree = "<group>"; };
		297564D028250801006840E7 /* NetworkService.swift */ = {isa = PBXFileReference; lastKnownFileType = sourcecode.swift; path = NetworkService.swift; sourceTree = "<group>"; };
		297564D2282BE51A006840E7 /* NearestPhotos.swift */ = {isa = PBXFileReference; lastKnownFileType = sourcecode.swift; path = NearestPhotos.swift; sourceTree = "<group>"; };
		297564D6282C01B4006840E7 /* Pin.swift */ = {isa = PBXFileReference; lastKnownFileType = sourcecode.swift; path = Pin.swift; sourceTree = "<group>"; };
		297564DA282D01DC006840E7 /* PastVuAPI.swift */ = {isa = PBXFileReference; lastKnownFileType = sourcecode.swift; path = PastVuAPI.swift; sourceTree = "<group>"; };
		2999D5D5283638DA00195246 /* ByBounds.swift */ = {isa = PBXFileReference; lastKnownFileType = sourcecode.swift; path = ByBounds.swift; sourceTree = "<group>"; };
		2999D5D828363F9200195246 /* Polygon.swift */ = {isa = PBXFileReference; lastKnownFileType = sourcecode.swift; path = Polygon.swift; sourceTree = "<group>"; };
		2999D5DA2836479600195246 /* BoundingBox.swift */ = {isa = PBXFileReference; lastKnownFileType = sourcecode.swift; path = BoundingBox.swift; sourceTree = "<group>"; };
		29AAAE0C2833FD23003DDD71 /* LocationManager.swift */ = {isa = PBXFileReference; lastKnownFileType = sourcecode.swift; path = LocationManager.swift; sourceTree = "<group>"; };
		29AAAE0E2834F507003DDD71 /* PinView.swift */ = {isa = PBXFileReference; lastKnownFileType = sourcecode.swift; path = PinView.swift; sourceTree = "<group>"; };
		29AAAE112834FAA2003DDD71 /* Direction.swift */ = {isa = PBXFileReference; lastKnownFileType = sourcecode.swift; path = Direction.swift; sourceTree = "<group>"; };
		29AAAE13283511E4003DDD71 /* Cluster.swift */ = {isa = PBXFileReference; lastKnownFileType = sourcecode.swift; path = Cluster.swift; sourceTree = "<group>"; };
		29BB54412844950500AEFB78 /* MapViewModel.swift */ = {isa = PBXFileReference; lastKnownFileType = sourcecode.swift; path = MapViewModel.swift; sourceTree = "<group>"; };
		29BB54432844A4CB00AEFB78 /* MapSettings.swift */ = {isa = PBXFileReference; lastKnownFileType = sourcecode.swift; path = MapSettings.swift; sourceTree = "<group>"; };
		29BB54452844AB5200AEFB78 /* Coordinate.swift */ = {isa = PBXFileReference; lastKnownFileType = sourcecode.swift; path = Coordinate.swift; sourceTree = "<group>"; };
		29BB54472844D63600AEFB78 /* MainViewModel.swift */ = {isa = PBXFileReference; lastKnownFileType = sourcecode.swift; path = MainViewModel.swift; sourceTree = "<group>"; };
		29BB544D28474D1900AEFB78 /* PinViewModel.swift */ = {isa = PBXFileReference; lastKnownFileType = sourcecode.swift; path = PinViewModel.swift; sourceTree = "<group>"; };
		29C7EA01283266F400FA3E30 /* MapView.swift */ = {isa = PBXFileReference; lastKnownFileType = sourcecode.swift; path = MapView.swift; sourceTree = "<group>"; };
		29C7EA032832677700FA3E30 /* YandexMapView.swift */ = {isa = PBXFileReference; lastKnownFileType = sourcecode.swift; path = YandexMapView.swift; sourceTree = "<group>"; };
		29E794482842462200907A53 /* UserDefaultsManager.swift */ = {isa = PBXFileReference; lastKnownFileType = sourcecode.swift; path = UserDefaultsManager.swift; sourceTree = "<group>"; };
		82CD36060E10DDF30A30AC09 /* Pods-PastVu.debug.xcconfig */ = {isa = PBXFileReference; includeInIndex = 1; lastKnownFileType = text.xcconfig; name = "Pods-PastVu.debug.xcconfig"; path = "Target Support Files/Pods-PastVu/Pods-PastVu.debug.xcconfig"; sourceTree = "<group>"; };
		F2144BB56CA3A6FA1AE8B025 /* Pods_PastVu.framework */ = {isa = PBXFileReference; explicitFileType = wrapper.framework; includeInIndex = 0; path = Pods_PastVu.framework; sourceTree = BUILT_PRODUCTS_DIR; };
/* End PBXFileReference section */

/* Begin PBXFrameworksBuildPhase section */
		297564B62825068F006840E7 /* Frameworks */ = {
			isa = PBXFrameworksBuildPhase;
			buildActionMask = 2147483647;
			files = (
				3C2304C4107D8133053E0740 /* Pods_PastVu.framework in Frameworks */,
			);
			runOnlyForDeploymentPostprocessing = 0;
		};
/* End PBXFrameworksBuildPhase section */

/* Begin PBXGroup section */
		179BC85C2BEAA4718ACB9546 /* Frameworks */ = {
			isa = PBXGroup;
			children = (
				F2144BB56CA3A6FA1AE8B025 /* Pods_PastVu.framework */,
			);
			name = Frameworks;
			sourceTree = "<group>";
		};
		292EE22B2848ADD500CB27C9 /* Extentions */ = {
			isa = PBXGroup;
			children = (
				292EE2292848AD7F00CB27C9 /* UIView+Rotation.swift */,
			);
			path = Extentions;
			sourceTree = "<group>";
		};
		29447909284FA04100EC55E0 /* Photo */ = {
			isa = PBXGroup;
			children = (
				29447907284FA03C00EC55E0 /* PhotoView.swift */,
				2944790A284FA06700EC55E0 /* PhotoViewModel.swift */,
			);
			path = Photo;
			sourceTree = "<group>";
		};
		297564B02825068F006840E7 = {
			isa = PBXGroup;
			children = (
				297564BB2825068F006840E7 /* PastVu */,
				297564BA2825068F006840E7 /* Products */,
				DB8F2F27C58D0F1635B49C6C /* Pods */,
				179BC85C2BEAA4718ACB9546 /* Frameworks */,
			);
			sourceTree = "<group>";
		};
		297564BA2825068F006840E7 /* Products */ = {
			isa = PBXGroup;
			children = (
				297564B92825068F006840E7 /* PastVu.app */,
			);
			name = Products;
			sourceTree = "<group>";
		};
		297564BB2825068F006840E7 /* PastVu */ = {
			isa = PBXGroup;
			children = (
				29E79447284244AC00907A53 /* Services */,
				297564D9282D01A2006840E7 /* Models */,
				297564BC2825068F006840E7 /* AppDelegate.swift */,
				29AAAE102834F519003DDD71 /* Pins */,
				29447909284FA04100EC55E0 /* Photo */,
				29C7EA052832679300FA3E30 /* Maps */,
				297564BE2825068F006840E7 /* SceneDelegate.swift */,
				29BB54492844D66C00AEFB78 /* Main */,
				297564C528250691006840E7 /* Assets.xcassets */,
				297564C728250691006840E7 /* LaunchScreen.storyboard */,
				297564CA28250691006840E7 /* Info.plist */,
				292E6A9E2852852B00248068 /* YandexMapKit-Info.plist */,
				292EE22B2848ADD500CB27C9 /* Extentions */,
			);
			path = PastVu;
			sourceTree = "<group>";
		};
		297564D8282D0185006840E7 /* Network */ = {
			isa = PBXGroup;
			children = (
				297564DA282D01DC006840E7 /* PastVuAPI.swift */,
				297564D028250801006840E7 /* NetworkService.swift */,
				2999D5D728363D3100195246 /* Methods */,
			);
			path = Network;
			sourceTree = "<group>";
		};
		297564D9282D01A2006840E7 /* Models */ = {
			isa = PBXGroup;
			children = (
				297564D6282C01B4006840E7 /* Pin.swift */,
				29AAAE13283511E4003DDD71 /* Cluster.swift */,
				29AAAE112834FAA2003DDD71 /* Direction.swift */,
				2999D5D828363F9200195246 /* Polygon.swift */,
				2999D5DA2836479600195246 /* BoundingBox.swift */,
				29BB54452844AB5200AEFB78 /* Coordinate.swift */,
				2944790E284FCCE700EC55E0 /* Photo.swift */,
			);
			path = Models;
			sourceTree = "<group>";
		};
		2999D5D728363D3100195246 /* Methods */ = {
			isa = PBXGroup;
			children = (
				297564D2282BE51A006840E7 /* NearestPhotos.swift */,
				2944790C284FAA9D00EC55E0 /* GiveForPage.swift */,
				2999D5D5283638DA00195246 /* ByBounds.swift */,
			);
			path = Methods;
			sourceTree = "<group>";
		};
		29AAAE102834F519003DDD71 /* Pins */ = {
			isa = PBXGroup;
			children = (
				29AAAE0E2834F507003DDD71 /* PinView.swift */,
				29BB544D28474D1900AEFB78 /* PinViewModel.swift */,
			);
			path = Pins;
			sourceTree = "<group>";
		};
		29BB54492844D66C00AEFB78 /* Main */ = {
			isa = PBXGroup;
			children = (
				297564C02825068F006840E7 /* MainViewController.swift */,
				29BB54472844D63600AEFB78 /* MainViewModel.swift */,
			);
			path = Main;
			sourceTree = "<group>";
		};
		29BB544C28460AAD00AEFB78 /* Yandex */ = {
			isa = PBXGroup;
			children = (
				29C7EA032832677700FA3E30 /* YandexMapView.swift */,
			);
			path = Yandex;
			sourceTree = "<group>";
		};
		29C7EA052832679300FA3E30 /* Maps */ = {
			isa = PBXGroup;
			children = (
				29C7EA01283266F400FA3E30 /* MapView.swift */,
				29BB54412844950500AEFB78 /* MapViewModel.swift */,
				29BB544C28460AAD00AEFB78 /* Yandex */,
				29194AE228538E9E00ED8D68 /* ClusterPlacemark.swift */,
			);
			path = Maps;
			sourceTree = "<group>";
		};
		29E79447284244AC00907A53 /* Services */ = {
			isa = PBXGroup;
			children = (
				29AAAE0C2833FD23003DDD71 /* LocationManager.swift */,
				297564D8282D0185006840E7 /* Network */,
				29E794482842462200907A53 /* UserDefaultsManager.swift */,
				29BB54432844A4CB00AEFB78 /* MapSettings.swift */,
			);
			name = Services;
			path = ..;
			sourceTree = "<group>";
		};
		DB8F2F27C58D0F1635B49C6C /* Pods */ = {
			isa = PBXGroup;
			children = (
				82CD36060E10DDF30A30AC09 /* Pods-PastVu.debug.xcconfig */,
				0D69E59CAA63A98C346131E7 /* Pods-PastVu.release.xcconfig */,
			);
			path = Pods;
			sourceTree = "<group>";
		};
/* End PBXGroup section */

/* Begin PBXNativeTarget section */
		297564B82825068F006840E7 /* PastVu */ = {
			isa = PBXNativeTarget;
			buildConfigurationList = 297564CD28250691006840E7 /* Build configuration list for PBXNativeTarget "PastVu" */;
			buildPhases = (
				9D3AB62246256B02EC328614 /* [CP] Check Pods Manifest.lock */,
				297564B52825068F006840E7 /* Sources */,
				297564B62825068F006840E7 /* Frameworks */,
				297564B72825068F006840E7 /* Resources */,
				929D1AC858AC791DBDA0BA37 /* [CP] Copy Pods Resources */,
			);
			buildRules = (
			);
			dependencies = (
			);
			name = PastVu;
			productName = PastVu;
			productReference = 297564B92825068F006840E7 /* PastVu.app */;
			productType = "com.apple.product-type.application";
		};
/* End PBXNativeTarget section */

/* Begin PBXProject section */
		297564B12825068F006840E7 /* Project object */ = {
			isa = PBXProject;
			attributes = {
				BuildIndependentTargetsInParallel = 1;
				LastSwiftUpdateCheck = 1330;
				LastUpgradeCheck = 1330;
				TargetAttributes = {
					297564B82825068F006840E7 = {
						CreatedOnToolsVersion = 13.3;
					};
				};
			};
			buildConfigurationList = 297564B42825068F006840E7 /* Build configuration list for PBXProject "PastVu" */;
			compatibilityVersion = "Xcode 13.0";
			developmentRegion = en;
			hasScannedForEncodings = 0;
			knownRegions = (
				en,
				Base,
			);
			mainGroup = 297564B02825068F006840E7;
			productRefGroup = 297564BA2825068F006840E7 /* Products */;
			projectDirPath = "";
			projectRoot = "";
			targets = (
				297564B82825068F006840E7 /* PastVu */,
			);
		};
/* End PBXProject section */

/* Begin PBXResourcesBuildPhase section */
		297564B72825068F006840E7 /* Resources */ = {
			isa = PBXResourcesBuildPhase;
			buildActionMask = 2147483647;
			files = (
				292E6A9F2852852B00248068 /* YandexMapKit-Info.plist in Resources */,
				297564C928250691006840E7 /* LaunchScreen.storyboard in Resources */,
				297564C628250691006840E7 /* Assets.xcassets in Resources */,
			);
			runOnlyForDeploymentPostprocessing = 0;
		};
/* End PBXResourcesBuildPhase section */

/* Begin PBXShellScriptBuildPhase section */
		929D1AC858AC791DBDA0BA37 /* [CP] Copy Pods Resources */ = {
			isa = PBXShellScriptBuildPhase;
			buildActionMask = 2147483647;
			files = (
			);
			inputFileListPaths = (
				"${PODS_ROOT}/Target Support Files/Pods-PastVu/Pods-PastVu-resources-${CONFIGURATION}-input-files.xcfilelist",
			);
			name = "[CP] Copy Pods Resources";
			outputFileListPaths = (
				"${PODS_ROOT}/Target Support Files/Pods-PastVu/Pods-PastVu-resources-${CONFIGURATION}-output-files.xcfilelist",
			);
			runOnlyForDeploymentPostprocessing = 0;
			shellPath = /bin/sh;
			shellScript = "\"${PODS_ROOT}/Target Support Files/Pods-PastVu/Pods-PastVu-resources.sh\"\n";
			showEnvVarsInLog = 0;
		};
		9D3AB62246256B02EC328614 /* [CP] Check Pods Manifest.lock */ = {
			isa = PBXShellScriptBuildPhase;
			buildActionMask = 2147483647;
			files = (
			);
			inputFileListPaths = (
			);
			inputPaths = (
				"${PODS_PODFILE_DIR_PATH}/Podfile.lock",
				"${PODS_ROOT}/Manifest.lock",
			);
			name = "[CP] Check Pods Manifest.lock";
			outputFileListPaths = (
			);
			outputPaths = (
				"$(DERIVED_FILE_DIR)/Pods-PastVu-checkManifestLockResult.txt",
			);
			runOnlyForDeploymentPostprocessing = 0;
			shellPath = /bin/sh;
			shellScript = "diff \"${PODS_PODFILE_DIR_PATH}/Podfile.lock\" \"${PODS_ROOT}/Manifest.lock\" > /dev/null\nif [ $? != 0 ] ; then\n    # print error to STDERR\n    echo \"error: The sandbox is not in sync with the Podfile.lock. Run 'pod install' or update your CocoaPods installation.\" >&2\n    exit 1\nfi\n# This output is used by Xcode 'outputs' to avoid re-running this script phase.\necho \"SUCCESS\" > \"${SCRIPT_OUTPUT_FILE_0}\"\n";
			showEnvVarsInLog = 0;
		};
/* End PBXShellScriptBuildPhase section */

/* Begin PBXSourcesBuildPhase section */
		297564B52825068F006840E7 /* Sources */ = {
			isa = PBXSourcesBuildPhase;
			buildActionMask = 2147483647;
			files = (
				29BB54442844A4CB00AEFB78 /* MapSettings.swift in Sources */,
				297564D7282C01B4006840E7 /* Pin.swift in Sources */,
				29AAAE14283511E4003DDD71 /* Cluster.swift in Sources */,
				2944790F284FCCE700EC55E0 /* Photo.swift in Sources */,
				29E794492842462200907A53 /* UserDefaultsManager.swift in Sources */,
				2944790B284FA06700EC55E0 /* PhotoViewModel.swift in Sources */,
				29BB544E28474D1900AEFB78 /* PinViewModel.swift in Sources */,
				29C7EA02283266F400FA3E30 /* MapView.swift in Sources */,
				29AAAE0D2833FD23003DDD71 /* LocationManager.swift in Sources */,
				297564D128250801006840E7 /* NetworkService.swift in Sources */,
				2999D5D6283638DA00195246 /* ByBounds.swift in Sources */,
				29194AE328538E9E00ED8D68 /* ClusterPlacemark.swift in Sources */,
				297564C12825068F006840E7 /* MainViewController.swift in Sources */,
				297564BD2825068F006840E7 /* AppDelegate.swift in Sources */,
				29C7EA042832677700FA3E30 /* YandexMapView.swift in Sources */,
				297564D3282BE51A006840E7 /* NearestPhotos.swift in Sources */,
				29AAAE0F2834F507003DDD71 /* PinView.swift in Sources */,
				2999D5DB2836479600195246 /* BoundingBox.swift in Sources */,
				29447908284FA03C00EC55E0 /* PhotoView.swift in Sources */,
				29BB54482844D63600AEFB78 /* MainViewModel.swift in Sources */,
				2999D5D928363F9200195246 /* Polygon.swift in Sources */,
				292EE22A2848AD7F00CB27C9 /* UIView+Rotation.swift in Sources */,
				297564BF2825068F006840E7 /* SceneDelegate.swift in Sources */,
				297564DB282D01DC006840E7 /* PastVuAPI.swift in Sources */,
				29AAAE122834FAA2003DDD71 /* Direction.swift in Sources */,
				29BB54422844950500AEFB78 /* MapViewModel.swift in Sources */,
				29BB54462844AB5200AEFB78 /* Coordinate.swift in Sources */,
				2944790D284FAA9D00EC55E0 /* GiveForPage.swift in Sources */,
			);
			runOnlyForDeploymentPostprocessing = 0;
		};
/* End PBXSourcesBuildPhase section */

/* Begin PBXVariantGroup section */
		297564C728250691006840E7 /* LaunchScreen.storyboard */ = {
			isa = PBXVariantGroup;
			children = (
				297564C828250691006840E7 /* Base */,
			);
			name = LaunchScreen.storyboard;
			sourceTree = "<group>";
		};
/* End PBXVariantGroup section */

/* Begin XCBuildConfiguration section */
		297564CB28250691006840E7 /* Debug */ = {
			isa = XCBuildConfiguration;
			buildSettings = {
				ALWAYS_SEARCH_USER_PATHS = NO;
				CLANG_ANALYZER_NONNULL = YES;
				CLANG_ANALYZER_NUMBER_OBJECT_CONVERSION = YES_AGGRESSIVE;
				CLANG_CXX_LANGUAGE_STANDARD = "gnu++17";
				CLANG_ENABLE_MODULES = YES;
				CLANG_ENABLE_OBJC_ARC = YES;
				CLANG_ENABLE_OBJC_WEAK = YES;
				CLANG_WARN_BLOCK_CAPTURE_AUTORELEASING = YES;
				CLANG_WARN_BOOL_CONVERSION = YES;
				CLANG_WARN_COMMA = YES;
				CLANG_WARN_CONSTANT_CONVERSION = YES;
				CLANG_WARN_DEPRECATED_OBJC_IMPLEMENTATIONS = YES;
				CLANG_WARN_DIRECT_OBJC_ISA_USAGE = YES_ERROR;
				CLANG_WARN_DOCUMENTATION_COMMENTS = YES;
				CLANG_WARN_EMPTY_BODY = YES;
				CLANG_WARN_ENUM_CONVERSION = YES;
				CLANG_WARN_INFINITE_RECURSION = YES;
				CLANG_WARN_INT_CONVERSION = YES;
				CLANG_WARN_NON_LITERAL_NULL_CONVERSION = YES;
				CLANG_WARN_OBJC_IMPLICIT_RETAIN_SELF = YES;
				CLANG_WARN_OBJC_LITERAL_CONVERSION = YES;
				CLANG_WARN_OBJC_ROOT_CLASS = YES_ERROR;
				CLANG_WARN_QUOTED_INCLUDE_IN_FRAMEWORK_HEADER = YES;
				CLANG_WARN_RANGE_LOOP_ANALYSIS = YES;
				CLANG_WARN_STRICT_PROTOTYPES = YES;
				CLANG_WARN_SUSPICIOUS_MOVE = YES;
				CLANG_WARN_UNGUARDED_AVAILABILITY = YES_AGGRESSIVE;
				CLANG_WARN_UNREACHABLE_CODE = YES;
				CLANG_WARN__DUPLICATE_METHOD_MATCH = YES;
				COPY_PHASE_STRIP = NO;
				DEBUG_INFORMATION_FORMAT = dwarf;
				ENABLE_STRICT_OBJC_MSGSEND = YES;
				ENABLE_TESTABILITY = YES;
				GCC_C_LANGUAGE_STANDARD = gnu11;
				GCC_DYNAMIC_NO_PIC = NO;
				GCC_NO_COMMON_BLOCKS = YES;
				GCC_OPTIMIZATION_LEVEL = 0;
				GCC_PREPROCESSOR_DEFINITIONS = (
					"DEBUG=1",
					"$(inherited)",
				);
				GCC_WARN_64_TO_32_BIT_CONVERSION = YES;
				GCC_WARN_ABOUT_RETURN_TYPE = YES_ERROR;
				GCC_WARN_UNDECLARED_SELECTOR = YES;
				GCC_WARN_UNINITIALIZED_AUTOS = YES_AGGRESSIVE;
				GCC_WARN_UNUSED_FUNCTION = YES;
				GCC_WARN_UNUSED_VARIABLE = YES;
				IPHONEOS_DEPLOYMENT_TARGET = 15.4;
				MTL_ENABLE_DEBUG_INFO = INCLUDE_SOURCE;
				MTL_FAST_MATH = YES;
				ONLY_ACTIVE_ARCH = YES;
				SDKROOT = iphoneos;
				SWIFT_ACTIVE_COMPILATION_CONDITIONS = DEBUG;
				SWIFT_OPTIMIZATION_LEVEL = "-Onone";
			};
			name = Debug;
		};
		297564CC28250691006840E7 /* Release */ = {
			isa = XCBuildConfiguration;
			buildSettings = {
				ALWAYS_SEARCH_USER_PATHS = NO;
				CLANG_ANALYZER_NONNULL = YES;
				CLANG_ANALYZER_NUMBER_OBJECT_CONVERSION = YES_AGGRESSIVE;
				CLANG_CXX_LANGUAGE_STANDARD = "gnu++17";
				CLANG_ENABLE_MODULES = YES;
				CLANG_ENABLE_OBJC_ARC = YES;
				CLANG_ENABLE_OBJC_WEAK = YES;
				CLANG_WARN_BLOCK_CAPTURE_AUTORELEASING = YES;
				CLANG_WARN_BOOL_CONVERSION = YES;
				CLANG_WARN_COMMA = YES;
				CLANG_WARN_CONSTANT_CONVERSION = YES;
				CLANG_WARN_DEPRECATED_OBJC_IMPLEMENTATIONS = YES;
				CLANG_WARN_DIRECT_OBJC_ISA_USAGE = YES_ERROR;
				CLANG_WARN_DOCUMENTATION_COMMENTS = YES;
				CLANG_WARN_EMPTY_BODY = YES;
				CLANG_WARN_ENUM_CONVERSION = YES;
				CLANG_WARN_INFINITE_RECURSION = YES;
				CLANG_WARN_INT_CONVERSION = YES;
				CLANG_WARN_NON_LITERAL_NULL_CONVERSION = YES;
				CLANG_WARN_OBJC_IMPLICIT_RETAIN_SELF = YES;
				CLANG_WARN_OBJC_LITERAL_CONVERSION = YES;
				CLANG_WARN_OBJC_ROOT_CLASS = YES_ERROR;
				CLANG_WARN_QUOTED_INCLUDE_IN_FRAMEWORK_HEADER = YES;
				CLANG_WARN_RANGE_LOOP_ANALYSIS = YES;
				CLANG_WARN_STRICT_PROTOTYPES = YES;
				CLANG_WARN_SUSPICIOUS_MOVE = YES;
				CLANG_WARN_UNGUARDED_AVAILABILITY = YES_AGGRESSIVE;
				CLANG_WARN_UNREACHABLE_CODE = YES;
				CLANG_WARN__DUPLICATE_METHOD_MATCH = YES;
				COPY_PHASE_STRIP = NO;
				DEBUG_INFORMATION_FORMAT = "dwarf-with-dsym";
				ENABLE_NS_ASSERTIONS = NO;
				ENABLE_STRICT_OBJC_MSGSEND = YES;
				GCC_C_LANGUAGE_STANDARD = gnu11;
				GCC_NO_COMMON_BLOCKS = YES;
				GCC_WARN_64_TO_32_BIT_CONVERSION = YES;
				GCC_WARN_ABOUT_RETURN_TYPE = YES_ERROR;
				GCC_WARN_UNDECLARED_SELECTOR = YES;
				GCC_WARN_UNINITIALIZED_AUTOS = YES_AGGRESSIVE;
				GCC_WARN_UNUSED_FUNCTION = YES;
				GCC_WARN_UNUSED_VARIABLE = YES;
				IPHONEOS_DEPLOYMENT_TARGET = 15.4;
				MTL_ENABLE_DEBUG_INFO = NO;
				MTL_FAST_MATH = YES;
				SDKROOT = iphoneos;
				SWIFT_COMPILATION_MODE = wholemodule;
				SWIFT_OPTIMIZATION_LEVEL = "-O";
				VALIDATE_PRODUCT = YES;
			};
			name = Release;
		};
		297564CE28250691006840E7 /* Debug */ = {
			isa = XCBuildConfiguration;
			baseConfigurationReference = 82CD36060E10DDF30A30AC09 /* Pods-PastVu.debug.xcconfig */;
			buildSettings = {
				ASSETCATALOG_COMPILER_APPICON_NAME = AppIcon;
				ASSETCATALOG_COMPILER_GLOBAL_ACCENT_COLOR_NAME = AccentColor;
				CODE_SIGN_STYLE = Automatic;
				CURRENT_PROJECT_VERSION = 1;
				DEVELOPMENT_TEAM = GB4R5FUHG3;
				GENERATE_INFOPLIST_FILE = YES;
				INFOPLIST_FILE = PastVu/Info.plist;
				INFOPLIST_KEY_NSLocationWhenInUseUsageDescription = "Enable location please";
				INFOPLIST_KEY_UIApplicationSupportsIndirectInputEvents = YES;
				INFOPLIST_KEY_UILaunchStoryboardName = LaunchScreen;
				INFOPLIST_KEY_UISupportedInterfaceOrientations = UIInterfaceOrientationPortrait;
				INFOPLIST_KEY_UISupportedInterfaceOrientations_iPad = "UIInterfaceOrientationPortrait UIInterfaceOrientationPortraitUpsideDown UIInterfaceOrientationLandscapeLeft UIInterfaceOrientationLandscapeRight";
				INFOPLIST_KEY_UISupportedInterfaceOrientations_iPhone = "UIInterfaceOrientationPortrait UIInterfaceOrientationLandscapeLeft UIInterfaceOrientationLandscapeRight";
				IPHONEOS_DEPLOYMENT_TARGET = 15.0;
				LD_RUNPATH_SEARCH_PATHS = (
					"$(inherited)",
					"@executable_path/Frameworks",
				);
				MARKETING_VERSION = 1.0;
				PRODUCT_BUNDLE_IDENTIFIER = com.krasmikes.PastVu;
				PRODUCT_NAME = "$(TARGET_NAME)";
				SWIFT_EMIT_LOC_STRINGS = YES;
				SWIFT_VERSION = 5.0;
				TARGETED_DEVICE_FAMILY = 1;
			};
			name = Debug;
		};
		297564CF28250691006840E7 /* Release */ = {
			isa = XCBuildConfiguration;
			baseConfigurationReference = 0D69E59CAA63A98C346131E7 /* Pods-PastVu.release.xcconfig */;
			buildSettings = {
				ASSETCATALOG_COMPILER_APPICON_NAME = AppIcon;
				ASSETCATALOG_COMPILER_GLOBAL_ACCENT_COLOR_NAME = AccentColor;
				CODE_SIGN_STYLE = Automatic;
				CURRENT_PROJECT_VERSION = 1;
				DEVELOPMENT_TEAM = GB4R5FUHG3;
				GENERATE_INFOPLIST_FILE = YES;
				INFOPLIST_FILE = PastVu/Info.plist;
				INFOPLIST_KEY_NSLocationWhenInUseUsageDescription = "Enable location please";
				INFOPLIST_KEY_UIApplicationSupportsIndirectInputEvents = YES;
				INFOPLIST_KEY_UILaunchStoryboardName = LaunchScreen;
				INFOPLIST_KEY_UISupportedInterfaceOrientations = UIInterfaceOrientationPortrait;
				INFOPLIST_KEY_UISupportedInterfaceOrientations_iPad = "UIInterfaceOrientationPortrait UIInterfaceOrientationPortraitUpsideDown UIInterfaceOrientationLandscapeLeft UIInterfaceOrientationLandscapeRight";
				INFOPLIST_KEY_UISupportedInterfaceOrientations_iPhone = "UIInterfaceOrientationPortrait UIInterfaceOrientationLandscapeLeft UIInterfaceOrientationLandscapeRight";
				IPHONEOS_DEPLOYMENT_TARGET = 15.0;
				LD_RUNPATH_SEARCH_PATHS = (
					"$(inherited)",
					"@executable_path/Frameworks",
				);
				MARKETING_VERSION = 1.0;
				PRODUCT_BUNDLE_IDENTIFIER = com.krasmikes.PastVu;
				PRODUCT_NAME = "$(TARGET_NAME)";
				SWIFT_EMIT_LOC_STRINGS = YES;
				SWIFT_VERSION = 5.0;
				TARGETED_DEVICE_FAMILY = 1;
			};
			name = Release;
		};
/* End XCBuildConfiguration section */

/* Begin XCConfigurationList section */
		297564B42825068F006840E7 /* Build configuration list for PBXProject "PastVu" */ = {
			isa = XCConfigurationList;
			buildConfigurations = (
				297564CB28250691006840E7 /* Debug */,
				297564CC28250691006840E7 /* Release */,
			);
			defaultConfigurationIsVisible = 0;
			defaultConfigurationName = Release;
		};
		297564CD28250691006840E7 /* Build configuration list for PBXNativeTarget "PastVu" */ = {
			isa = XCConfigurationList;
			buildConfigurations = (
				297564CE28250691006840E7 /* Debug */,
				297564CF28250691006840E7 /* Release */,
			);
			defaultConfigurationIsVisible = 0;
			defaultConfigurationName = Release;
		};
/* End XCConfigurationList section */
	};
	rootObject = 297564B12825068F006840E7 /* Project object */;
}
